<?xml version="1.0" encoding="UTF-8" standalone="yes" ?>
<CodeBlocks_project_file>
	<FileVersion major="1" minor="6" />
	<Project>
		<Option title="LittleLLVMTestLang" />
		<Option pch_mode="2" />
		<Option compiler="gcc" />
		<Build>
			<Target title="Debug">
				<Option output="bin/Debug/LittleLLVMTestLang" prefix_auto="1" extension_auto="1" />
				<Option object_output="obj/Debug/" />
				<Option type="1" />
				<Option compiler="gcc" />
				<Compiler>
					<Add option="-std=c++11" />
					<Add option="-g" />
					<Add directory="../LittleLLVM/include" />
					<Add directory="../LittleLLVM" />
					<Add directory="include" />
				</Compiler>
				<Linker>
					<Add library="..\LittleLLVM\bin\Debug\libCompilerFrameworkInCPP.a" />
					<Add directory="../LittleLLVM/src" />
					<Add directory="../LittleLLVM/" />
					<Add directory="src" />
				</Linker>
			</Target>
			<Target title="Release">
				<Option output="bin/Release/LittleLLVMTestLang" prefix_auto="1" extension_auto="1" />
				<Option object_output="obj/Release/" />
				<Option type="1" />
				<Option compiler="gcc" />
				<Compiler>
					<Add option="-O2" />
				</Compiler>
				<Linker>
					<Add option="-s" />
				</Linker>
			</Target>
		</Build>
		<Compiler>
			<Add option="-Wall" />
			<Add option="-fexceptions" />
		</Compiler>
		<Unit filename="include/MyLexer.hpp" />
		<Unit filename="include/MyParser.hpp" />
		<Unit filename="main.cpp" />
		<Extensions>
			<code_completion />
			<envvars />
			<debugger />
		</Extensions>
	</Project>
</CodeBlocks_project_file>
